
Microsoft Visual Studio Solution File, Format Version 12.00
# Visual Studio Version 17
VisualStudioVersion = 17.11.35327.3
MinimumVisualStudioVersion = 10.0.40219.1
Project("{FAE04EC0-301F-11D3-BF4B-00C04F79EFBC}") = "apo-ia.net", "apo-ia.net.csproj", "{8C0B9FFC-4BBE-45E1-B646-CB67CFE1FBD7}"
EndProject
Global
	GlobalSection(SolutionConfigurationPlatforms) = preSolution
		Debug|Any CPU = Debug|Any CPU
		Release|Any CPU = Release|Any CPU
	EndGlobalSection
	GlobalSection(ProjectConfigurationPlatforms) = postSolution
		{8C0B9FFC-4BBE-45E1-B646-CB67CFE1FBD7}.Debug|Any CPU.ActiveCfg = Debug|Any CPU
		{8C0B9FFC-4BBE-45E1-B646-CB67CFE1FBD7}.Debug|Any CPU.Build.0 = Debug|Any CPU
		{8C0B9FFC-4BBE-45E1-B646-CB67CFE1FBD7}.Release|Any CPU.ActiveCfg = Release|Any CPU
		{8C0B9FFC-4BBE-45E1-B646-CB67CFE1FBD7}.Release|Any CPU.Build.0 = Release|Any CPU
	EndGlobalSection
	GlobalSection(SolutionProperties) = preSolution
		HideSolutionNode = FALSE
	EndGlobalSection
	GlobalSection(ExtensibilityGlobals) = postSolution
		SolutionGuid = {D952B9CE-07DB-4563-9803-1976F1744535}
	EndGlobalSection
EndGlobal
